{
  "name": "@aideck/pptx-editor",
  "version": "0.1.0",
  "lockfileVersion": 3,
  "requires": true,
  "packages": {
    "": {
      "name": "@aideck/pptx-editor",
      "version": "0.1.0",
      "dependencies": {
        "fflate": "^0.8.2",
        "mtx-decompressor": "^1.6.0"
      },
      "devDependencies": {
        "@xmldom/xmldom": "^0.8.11"
      },
      "engines": {
        "node": ">=20"
      }
    },
    "node_modules/@xmldom/xmldom": {
      "version": "0.8.15",
      "resolved": "https://registry.npmjs.org/@xmldom/xmldom/-/xmldom-0.8.15.tgz",
      "integrity": "sha512-/5NV/vDALVFDXgLmfsy9TRCBlKwO2LNBFzpzvb9iIj+jR+eSc6DLYYvVOdivT/jm7MtU6TebYuRmzEOI7w40UA==",
      "dev": true,
      "license": "MIT",
      "engines": {
        "node": ">=10.0.0"
      }
    },
    "node_modules/fflate": {
      "version": "0.8.3",
      "resolved": "https://registry.npmjs.org/fflate/-/fflate-0.8.3.tgz",
      "integrity": "sha512-tbZNuJrLwGUp3zshBtdy4W+ORxZuIh8a5ilyIEQDC5rY1f3U20JMry0Ll3WBzU58EZKsEuJFXhb5gwv8CsPvgA==",
      "license": "MIT"
    },
    "node_modules/mtx-decompressor": {
      "version": "1.6.0",
      "resolved": "https://registry.npmjs.org/mtx-decompressor/-/mtx-decompressor-1.6.0.tgz",
      "integrity": "sha512-YJ+ULX3VTzDK/k+h35xCrFey/vMyNTdKflCUtX/DPurR3KdhHKXC5bhslLFPY0jyODrwNWJJxSqvnBiGATRsRQ==",
      "license": "MPL-2.0"
    }
  }
}
